{
  "lockfileVersion": 1,
  "configVersion": 1,
  "workspaces": {
    "": {
      "dependencies": {
        "@assemblyscript/loader": "0.28.17",
        "fflate": "0.8.3",
      },
    },
  },
  "packages": {
    "@assemblyscript/loader": ["@assemblyscript/loader@0.28.17", "", {}, "sha512-l2bYDSLoACjLyK24i9dLq9hRWjzvDgSImt/etslIdtBFcRF5YpQSL0N7/m7spJEI0Zb4RX5dRYIi5BQj9xHuBQ=="],

    "fflate": ["fflate@0.8.3", "", {}, "sha512-tbZNuJrLwGUp3zshBtdy4W+ORxZuIh8a5ilyIEQDC5rY1f3U20JMry0Ll3WBzU58EZKsEuJFXhb5gwv8CsPvgA=="],
  }
}
